
Microsoft Visual Studio Solution File, Format Version 12.00
# Visual Studio Version 17
VisualStudioVersion = 17.4.33103.184
MinimumVisualStudioVersion = 10.0.40219.1
Project("{FAE04EC0-301F-11D3-BF4B-00C04F79EFBC}") = "TempAPI", "TempAPI\TempAPI.csproj", "{4BEDE6F0-8EEC-44D4-AB4D-4ECBFEE7520C}"
EndProject
Global
	GlobalSection(SolutionConfigurationPlatforms) = preSolution
		Debug|Any CPU = Debug|Any CPU
		Release|Any CPU = Release|Any CPU
	EndGlobalSection
	GlobalSection(ProjectConfigurationPlatforms) = postSolution
		{4BEDE6F0-8EEC-44D4-AB4D-4ECBFEE7520C}.Debug|Any CPU.ActiveCfg = Debug|Any CPU
		{4BEDE6F0-8EEC-44D4-AB4D-4ECBFEE7520C}.Debug|Any CPU.Build.0 = Debug|Any CPU
		{4BEDE6F0-8EEC-44D4-AB4D-4ECBFEE7520C}.Release|Any CPU.ActiveCfg = Release|Any CPU
		{4BEDE6F0-8EEC-44D4-AB4D-4ECBFEE7520C}.Release|Any CPU.Build.0 = Release|Any CPU
	EndGlobalSection
	GlobalSection(SolutionProperties) = preSolution
		HideSolutionNode = FALSE
	EndGlobalSection
	GlobalSection(ExtensibilityGlobals) = postSolution
		SolutionGuid = {3457CD90-ECCD-42F9-8FD0-E4026A547B5E}
	EndGlobalSection
EndGlobal
